// !$*UTF8*$!
{
	archiveVersion = 1;
	classes = {
	};
	objectVersion = 46;
	objects = {

/* Begin PBXBuildFile section */
		22216A30196F87A10009D528 /* HANDeviceTableViewCell.m in Sources */ = {isa = PBXBuildFile; fileRef = 22216A2F196F87A10009D528 /* HANDeviceTableViewCell.m */; };
		22216A341970CA830009D528 /* HANDeviceAddViewController.m in Sources */ = {isa = PBXBuildFile; fileRef = 22216A331970CA830009D528 /* HANDeviceAddViewController.m */; };
		22216A371970D4440009D528 /* HANRecordDetailViewController.m in Sources */ = {isa = PBXBuildFile; fileRef = 22216A361970D4440009D528 /* HANRecordDetailViewController.m */; };
		22216A3A1970D6D60009D528 /* HANDataModel.m in Sources */ = {isa = PBXBuildFile; fileRef = 22216A391970D6D60009D528 /* HANDataModel.m */; };
		22216A401970DC360009D528 /* HANDeviceModel.m in Sources */ = {isa = PBXBuildFile; fileRef = 22216A3F1970DC360009D528 /* HANDeviceModel.m */; };
		22216A4219710C690009D528 /* HANRecordModel.m in Sources */ = {isa = PBXBuildFile; fileRef = 22216A4119710C690009D528 /* HANRecordModel.m */; };
		22351165196E791700750268 /* Foundation.framework in Frameworks */ = {isa = PBXBuildFile; fileRef = 22351164196E791700750268 /* Foundation.framework */; };
		22351167196E791700750268 /* CoreGraphics.framework in Frameworks */ = {isa = PBXBuildFile; fileRef = 22351166196E791700750268 /* CoreGraphics.framework */; };
		22351169196E791700750268 /* UIKit.framework in Frameworks */ = {isa = PBXBuildFile; fileRef = 22351168196E791700750268 /* UIKit.framework */; };
		2235116F196E791700750268 /* InfoPlist.strings in Resources */ = {isa = PBXBuildFile; fileRef = 2235116D196E791700750268 /* InfoPlist.strings */; };
		22351171196E791700750268 /* main.m in Sources */ = {isa = PBXBuildFile; fileRef = 22351170196E791700750268 /* main.m */; };
		22351175196E791700750268 /* HANAppDelegate.m in Sources */ = {isa = PBXBuildFile; fileRef = 22351174196E791700750268 /* HANAppDelegate.m */; };
		22351178196E791700750268 /* Main.storyboard in Resources */ = {isa = PBXBuildFile; fileRef = 22351176196E791700750268 /* Main.storyboard */; };
		22351180196E791700750268 /* Images.xcassets in Resources */ = {isa = PBXBuildFile; fileRef = 2235117F196E791700750268 /* Images.xcassets */; };
		22351187196E791700750268 /* XCTest.framework in Frameworks */ = {isa = PBXBuildFile; fileRef = 22351186196E791700750268 /* XCTest.framework */; };
		22351188196E791700750268 /* Foundation.framework in Frameworks */ = {isa = PBXBuildFile; fileRef = 22351164196E791700750268 /* Foundation.framework */; };
		22351189196E791700750268 /* UIKit.framework in Frameworks */ = {isa = PBXBuildFile; fileRef = 22351168196E791700750268 /* UIKit.framework */; };
		22351191196E791700750268 /* InfoPlist.strings in Resources */ = {isa = PBXBuildFile; fileRef = 2235118F196E791700750268 /* InfoPlist.strings */; };
		22351193196E791700750268 /* HTests.m in Sources */ = {isa = PBXBuildFile; fileRef = 22351192196E791700750268 /* HTests.m */; };
		223511A3196E869400750268 /* HANRecordTableViewController.m in Sources */ = {isa = PBXBuildFile; fileRef = 223511A2196E869400750268 /* HANRecordTableViewController.m */; };
		223511A6196E871D00750268 /* HANDeviceDetailViewController.m in Sources */ = {isa = PBXBuildFile; fileRef = 223511A5196E871D00750268 /* HANDeviceDetailViewController.m */; };
		223511A9196E878A00750268 /* HANDeviceTableViewController.m in Sources */ = {isa = PBXBuildFile; fileRef = 223511A8196E878A00750268 /* HANDeviceTableViewController.m */; };
/* End PBXBuildFile section */

/* Begin PBXContainerItemProxy section */
		2235118A196E791700750268 /* PBXContainerItemProxy */ = {
			isa = PBXContainerItemProxy;
			containerPortal = 22351159196E791700750268 /* Project object */;
			proxyType = 1;
			remoteGlobalIDString = 22351160196E791700750268;
			remoteInfo = H;
		};
/* End PBXContainerItemProxy section */

/* Begin PBXFileReference section */
		22216A2E196F87A10009D528 /* HANDeviceTableViewCell.h */ = {isa = PBXFileReference; fileEncoding = 4; lastKnownFileType = sourcecode.c.h; path = HANDeviceTableViewCell.h; sourceTree = "<group>"; };
		22216A2F196F87A10009D528 /* HANDeviceTableViewCell.m */ = {isa = PBXFileReference; fileEncoding = 4; lastKnownFileType = sourcecode.c.objc; path = HANDeviceTableViewCell.m; sourceTree = "<group>"; };
		22216A321970CA830009D528 /* HANDeviceAddViewController.h */ = {isa = PBXFileReference; fileEncoding = 4; lastKnownFileType = sourcecode.c.h; path = HANDeviceAddViewController.h; sourceTree = "<group>"; };
		22216A331970CA830009D528 /* HANDeviceAddViewController.m */ = {isa = PBXFileReference; fileEncoding = 4; lastKnownFileType = sourcecode.c.objc; path = HANDeviceAddViewController.m; sourceTree = "<group>"; };
		22216A351970D4440009D528 /* HANRecordDetailViewController.h */ = {isa = PBXFileReference; fileEncoding = 4; lastKnownFileType = sourcecode.c.h; path = HANRecordDetailViewController.h; sourceTree = "<group>"; };
		22216A361970D4440009D528 /* HANRecordDetailViewController.m */ = {isa = PBXFileReference; fileEncoding = 4; lastKnownFileType = sourcecode.c.objc; path = HANRecordDetailViewController.m; sourceTree = "<group>"; };
		22216A381970D6D60009D528 /* HANDataModel.h */ = {isa = PBXFileReference; fileEncoding = 4; lastKnownFileType = sourcecode.c.h; path = HANDataModel.h; sourceTree = "<group>"; };
		22216A391970D6D60009D528 /* HANDataModel.m */ = {isa = PBXFileReference; fileEncoding = 4; lastKnownFileType = sourcecode.c.objc; path = HANDataModel.m; sourceTree = "<group>"; };
		22216A3B1970DC280009D528 /* HANRecordModel.h */ = {isa = PBXFileReference; fileEncoding = 4; lastKnownFileType = sourcecode.c.h; path = HANRecordModel.h; sourceTree = "<group>"; };
		22216A3E1970DC360009D528 /* HANDeviceModel.h */ = {isa = PBXFileReference; fileEncoding = 4; lastKnownFileType = sourcecode.c.h; path = HANDeviceModel.h; sourceTree = "<group>"; };
		22216A3F1970DC360009D528 /* HANDeviceModel.m */ = {isa = PBXFileReference; fileEncoding = 4; lastKnownFileType = sourcecode.c.objc; path = HANDeviceModel.m; sourceTree = "<group>"; };
		22216A4119710C690009D528 /* HANRecordModel.m */ = {isa = PBXFileReference; fileEncoding = 4; lastKnownFileType = sourcecode.c.objc; path = HANRecordModel.m; sourceTree = "<group>"; };
		22351161196E791700750268 /* H.app */ = {isa = PBXFileReference; explicitFileType = wrapper.application; includeInIndex = 0; path = H.app; sourceTree = BUILT_PRODUCTS_DIR; };
		22351164196E791700750268 /* Foundation.framework */ = {isa = PBXFileReference; lastKnownFileType = wrapper.framework; name = Foundation.framework; path = System/Library/Frameworks/Foundation.framework; sourceTree = SDKROOT; };
		22351166196E791700750268 /* CoreGraphics.framework */ = {isa = PBXFileReference; lastKnownFileType = wrapper.framework; name = CoreGraphics.framework; path = System/Library/Frameworks/CoreGraphics.framework; sourceTree = SDKROOT; };
		22351168196E791700750268 /* UIKit.framework */ = {isa = PBXFileReference; lastKnownFileType = wrapper.framework; name = UIKit.framework; path = System/Library/Frameworks/UIKit.framework; sourceTree = SDKROOT; };
		2235116C196E791700750268 /* H-Info.plist */ = {isa = PBXFileReference; lastKnownFileType = text.plist.xml; path = "H-Info.plist"; sourceTree = "<group>"; };
		2235116E196E791700750268 /* en */ = {isa = PBXFileReference; lastKnownFileType = text.plist.strings; name = en; path = en.lproj/InfoPlist.strings; sourceTree = "<group>"; };
		22351170196E791700750268 /* main.m */ = {isa = PBXFileReference; lastKnownFileType = sourcecode.c.objc; path = main.m; sourceTree = "<group>"; };
		22351172196E791700750268 /* H-Prefix.pch */ = {isa = PBXFileReference; lastKnownFileType = sourcecode.c.h; path = "H-Prefix.pch"; sourceTree = "<group>"; };
		22351173196E791700750268 /* HANAppDelegate.h */ = {isa = PBXFileReference; lastKnownFileType = sourcecode.c.h; path = HANAppDelegate.h; sourceTree = "<group>"; };
		22351174196E791700750268 /* HANAppDelegate.m */ = {isa = PBXFileReference; lastKnownFileType = sourcecode.c.objc; path = HANAppDelegate.m; sourceTree = "<group>"; };
		22351177196E791700750268 /* Base */ = {isa = PBXFileReference; lastKnownFileType = file.storyboard; name = Base; path = Base.lproj/Main.storyboard; sourceTree = "<group>"; };
		2235117F196E791700750268 /* Images.xcassets */ = {isa = PBXFileReference; lastKnownFileType = folder.assetcatalog; path = Images.xcassets; sourceTree = "<group>"; };
		22351185196E791700750268 /* HTests.xctest */ = {isa = PBXFileReference; explicitFileType = wrapper.cfbundle; includeInIndex = 0; path = HTests.xctest; sourceTree = BUILT_PRODUCTS_DIR; };
		22351186196E791700750268 /* XCTest.framework */ = {isa = PBXFileReference; lastKnownFileType = wrapper.framework; name = XCTest.framework; path = Library/Frameworks/XCTest.framework; sourceTree = DEVELOPER_DIR; };
		2235118E196E791700750268 /* HTests-Info.plist */ = {isa = PBXFileReference; lastKnownFileType = text.plist.xml; path = "HTests-Info.plist"; sourceTree = "<group>"; };
		22351190196E791700750268 /* en */ = {isa = PBXFileReference; lastKnownFileType = text.plist.strings; name = en; path = en.lproj/InfoPlist.strings; sourceTree = "<group>"; };
		22351192196E791700750268 /* HTests.m */ = {isa = PBXFileReference; lastKnownFileType = sourcecode.c.objc; path = HTests.m; sourceTree = "<group>"; };
		223511A1196E869400750268 /* HANRecordTableViewController.h */ = {isa = PBXFileReference; fileEncoding = 4; lastKnownFileType = sourcecode.c.h; path = HANRecordTableViewController.h; sourceTree = "<group>"; };
		223511A2196E869400750268 /* HANRecordTableViewController.m */ = {isa = PBXFileReference; fileEncoding = 4; lastKnownFileType = sourcecode.c.objc; path = HANRecordTableViewController.m; sourceTree = "<group>"; };
		223511A4196E871D00750268 /* HANDeviceDetailViewController.h */ = {isa = PBXFileReference; fileEncoding = 4; lastKnownFileType = sourcecode.c.h; path = HANDeviceDetailViewController.h; sourceTree = "<group>"; };
		223511A5196E871D00750268 /* HANDeviceDetailViewController.m */ = {isa = PBXFileReference; fileEncoding = 4; lastKnownFileType = sourcecode.c.objc; path = HANDeviceDetailViewController.m; sourceTree = "<group>"; };
		223511A7196E878A00750268 /* HANDeviceTableViewController.h */ = {isa = PBXFileReference; fileEncoding = 4; lastKnownFileType = sourcecode.c.h; path = HANDeviceTableViewController.h; sourceTree = "<group>"; };
		223511A8196E878A00750268 /* HANDeviceTableViewController.m */ = {isa = PBXFileReference; fileEncoding = 4; lastKnownFileType = sourcecode.c.objc; path = HANDeviceTableViewController.m; sourceTree = "<group>"; };
/* End PBXFileReference section */

/* Begin PBXFrameworksBuildPhase section */
		2235115E196E791700750268 /* Frameworks */ = {
			isa = PBXFrameworksBuildPhase;
			buildActionMask = 2147483647;
			files = (
				22351167196E791700750268 /* CoreGraphics.framework in Frameworks */,
				22351169196E791700750268 /* UIKit.framework in Frameworks */,
				22351165196E791700750268 /* Foundation.framework in Frameworks */,
			);
			runOnlyForDeploymentPostprocessing = 0;
		};
		22351182196E791700750268 /* Frameworks */ = {
			isa = PBXFrameworksBuildPhase;
			buildActionMask = 2147483647;
			files = (
				22351187196E791700750268 /* XCTest.framework in Frameworks */,
				22351189196E791700750268 /* UIKit.framework in Frameworks */,
				22351188196E791700750268 /* Foundation.framework in Frameworks */,
			);
			runOnlyForDeploymentPostprocessing = 0;
		};
/* End PBXFrameworksBuildPhase section */

/* Begin PBXGroup section */
		22216A31196F88200009D528 /* Model */ = {
			isa = PBXGroup;
			children = (
				22216A381970D6D60009D528 /* HANDataModel.h */,
				22216A391970D6D60009D528 /* HANDataModel.m */,
				22216A3B1970DC280009D528 /* HANRecordModel.h */,
				22216A4119710C690009D528 /* HANRecordModel.m */,
				22216A3E1970DC360009D528 /* HANDeviceModel.h */,
				22216A3F1970DC360009D528 /* HANDeviceModel.m */,
			);
			name = Model;
			sourceTree = "<group>";
		};
		22351158196E791700750268 = {
			isa = PBXGroup;
			children = (
				2235116A196E791700750268 /* H */,
				2235118C196E791700750268 /* HTests */,
				22351163196E791700750268 /* Frameworks */,
				22351162196E791700750268 /* Products */,
			);
			sourceTree = "<group>";
		};
		22351162196E791700750268 /* Products */ = {
			isa = PBXGroup;
			children = (
				22351161196E791700750268 /* H.app */,
				22351185196E791700750268 /* HTests.xctest */,
			);
			name = Products;
			sourceTree = "<group>";
		};
		22351163196E791700750268 /* Frameworks */ = {
			isa = PBXGroup;
			children = (
				22351164196E791700750268 /* Foundation.framework */,
				22351166196E791700750268 /* CoreGraphics.framework */,
				22351168196E791700750268 /* UIKit.framework */,
				22351186196E791700750268 /* XCTest.framework */,
			);
			name = Frameworks;
			sourceTree = "<group>";
		};
		2235116A196E791700750268 /* H */ = {
			isa = PBXGroup;
			children = (
				22216A31196F88200009D528 /* Model */,
				2235119D196E863500750268 /* ViewController */,
				2235119C196E862500750268 /* View */,
				22351173196E791700750268 /* HANAppDelegate.h */,
				22351174196E791700750268 /* HANAppDelegate.m */,
				22351176196E791700750268 /* Main.storyboard */,
				2235117F196E791700750268 /* Images.xcassets */,
				2235116B196E791700750268 /* Supporting Files */,
			);
			path = H;
			sourceTree = "<group>";
		};
		2235116B196E791700750268 /* Supporting Files */ = {
			isa = PBXGroup;
			children = (
				2235116C196E791700750268 /* H-Info.plist */,
				2235116D196E791700750268 /* InfoPlist.strings */,
				22351170196E791700750268 /* main.m */,
				22351172196E791700750268 /* H-Prefix.pch */,
			);
			name = "Supporting Files";
			sourceTree = "<group>";
		};
		2235118C196E791700750268 /* HTests */ = {
			isa = PBXGroup;
			children = (
				22351192196E791700750268 /* HTests.m */,
				2235118D196E791700750268 /* Supporting Files */,
			);
			path = HTests;
			sourceTree = "<group>";
		};
		2235118D196E791700750268 /* Supporting Files */ = {
			isa = PBXGroup;
			children = (
				2235118E196E791700750268 /* HTests-Info.plist */,
				2235118F196E791700750268 /* InfoPlist.strings */,
			);
			name = "Supporting Files";
			sourceTree = "<group>";
		};
		2235119C196E862500750268 /* View */ = {
			isa = PBXGroup;
			children = (
				22216A2E196F87A10009D528 /* HANDeviceTableViewCell.h */,
				22216A2F196F87A10009D528 /* HANDeviceTableViewCell.m */,
			);
			name = View;
			sourceTree = "<group>";
		};
		2235119D196E863500750268 /* ViewController */ = {
			isa = PBXGroup;
			children = (
				223511A7196E878A00750268 /* HANDeviceTableViewController.h */,
				223511A8196E878A00750268 /* HANDeviceTableViewController.m */,
				223511A1196E869400750268 /* HANRecordTableViewController.h */,
				223511A2196E869400750268 /* HANRecordTableViewController.m */,
				223511A4196E871D00750268 /* HANDeviceDetailViewController.h */,
				223511A5196E871D00750268 /* HANDeviceDetailViewController.m */,
				22216A321970CA830009D528 /* HANDeviceAddViewController.h */,
				22216A331970CA830009D528 /* HANDeviceAddViewController.m */,
				22216A351970D4440009D528 /* HANRecordDetailViewController.h */,
				22216A361970D4440009D528 /* HANRecordDetailViewController.m */,
			);
			name = ViewController;
			sourceTree = "<group>";
		};
/* End PBXGroup section */

/* Begin PBXNativeTarget section */
		22351160196E791700750268 /* H */ = {
			isa = PBXNativeTarget;
			buildConfigurationList = 22351196196E791700750268 /* Build configuration list for PBXNativeTarget "H" */;
			buildPhases = (
				2235115D196E791700750268 /* Sources */,
				2235115E196E791700750268 /* Frameworks */,
				2235115F196E791700750268 /* Resources */,
			);
			buildRules = (
			);
			dependencies = (
			);
			name = H;
			productName = H;
			productReference = 22351161196E791700750268 /* H.app */;
			productType = "com.apple.product-type.application";
		};
		22351184196E791700750268 /* HTests */ = {
			isa = PBXNativeTarget;
			buildConfigurationList = 22351199196E791700750268 /* Build configuration list for PBXNativeTarget "HTests" */;
			buildPhases = (
				22351181196E791700750268 /* Sources */,
				22351182196E791700750268 /* Frameworks */,
				22351183196E791700750268 /* Resources */,
			);
			buildRules = (
			);
			dependencies = (
				2235118B196E791700750268 /* PBXTargetDependency */,
			);
			name = HTests;
			productName = HTests;
			productReference = 22351185196E791700750268 /* HTests.xctest */;
			productType = "com.apple.product-type.bundle.unit-test";
		};
/* End PBXNativeTarget section */

/* Begin PBXProject section */
		22351159196E791700750268 /* Project object */ = {
			isa = PBXProject;
			attributes = {
				CLASSPREFIX = HAN;
				LastUpgradeCheck = 0510;
				ORGANIZATIONNAME = tac;
				TargetAttributes = {
					22351184196E791700750268 = {
						TestTargetID = 22351160196E791700750268;
					};
				};
			};
			buildConfigurationList = 2235115C196E791700750268 /* Build configuration list for PBXProject "H" */;
			compatibilityVersion = "Xcode 3.2";
			developmentRegion = English;
			hasScannedForEncodings = 0;
			knownRegions = (
				en,
				Base,
			);
			mainGroup = 22351158196E791700750268;
			productRefGroup = 22351162196E791700750268 /* Products */;
			projectDirPath = "";
			projectRoot = "";
			targets = (
				22351160196E791700750268 /* H */,
				22351184196E791700750268 /* HTests */,
			);
		};
/* End PBXProject section */

/* Begin PBXResourcesBuildPhase section */
		2235115F196E791700750268 /* Resources */ = {
			isa = PBXResourcesBuildPhase;
			buildActionMask = 2147483647;
			files = (
				22351180196E791700750268 /* Images.xcassets in Resources */,
				2235116F196E791700750268 /* InfoPlist.strings in Resources */,
				22351178196E791700750268 /* Main.storyboard in Resources */,
			);
			runOnlyForDeploymentPostprocessing = 0;
		};
		22351183196E791700750268 /* Resources */ = {
			isa = PBXResourcesBuildPhase;
			buildActionMask = 2147483647;
			files = (
				22351191196E791700750268 /* InfoPlist.strings in Resources */,
			);
			runOnlyForDeploymentPostprocessing = 0;
		};
/* End PBXResourcesBuildPhase section */

/* Begin PBXSourcesBuildPhase section */
		2235115D196E791700750268 /* Sources */ = {
			isa = PBXSourcesBuildPhase;
			buildActionMask = 2147483647;
			files = (
				223511A6196E871D00750268 /* HANDeviceDetailViewController.m in Sources */,
				22216A30196F87A10009D528 /* HANDeviceTableViewCell.m in Sources */,
				22216A371970D4440009D528 /* HANRecordDetailViewController.m in Sources */,
				22351175196E791700750268 /* HANAppDelegate.m in Sources */,
				22216A4219710C690009D528 /* HANRecordModel.m in Sources */,
				223511A9196E878A00750268 /* HANDeviceTableViewController.m in Sources */,
				223511A3196E869400750268 /* HANRecordTableViewController.m in Sources */,
				22216A3A1970D6D60009D528 /* HANDataModel.m in Sources */,
				22216A341970CA830009D528 /* HANDeviceAddViewController.m in Sources */,
				22351171196E791700750268 /* main.m in Sources */,
				22216A401970DC360009D528 /* HANDeviceModel.m in Sources */,
			);
			runOnlyForDeploymentPostprocessing = 0;
		};
		22351181196E791700750268 /* Sources */ = {
			isa = PBXSourcesBuildPhase;
			buildActionMask = 2147483647;
			files = (
				22351193196E791700750268 /* HTests.m in Sources */,
			);
			runOnlyForDeploymentPostprocessing = 0;
		};
/* End PBXSourcesBuildPhase section */

/* Begin PBXTargetDependency section */
		2235118B196E791700750268 /* PBXTargetDependency */ = {
			isa = PBXTargetDependency;
			target = 22351160196E791700750268 /* H */;
			targetProxy = 2235118A196E791700750268 /* PBXContainerItemProxy */;
		};
/* End PBXTargetDependency section */

/* Begin PBXVariantGroup section */
		2235116D196E791700750268 /* InfoPlist.strings */ = {
			isa = PBXVariantGroup;
			children = (
				2235116E196E791700750268 /* en */,
			);
			name = InfoPlist.strings;
			sourceTree = "<group>";
		};
		22351176196E791700750268 /* Main.storyboard */ = {
			isa = PBXVariantGroup;
			children = (
				22351177196E791700750268 /* Base */,
			);
			name = Main.storyboard;
			sourceTree = "<group>";
		};
		2235118F196E791700750268 /* InfoPlist.strings */ = {
			isa = PBXVariantGroup;
			children = (
				22351190196E791700750268 /* en */,
			);
			name = InfoPlist.strings;
			sourceTree = "<group>";
		};
/* End PBXVariantGroup section */

/* Begin XCBuildConfiguration section */
		22351194196E791700750268 /* Debug */ = {
			isa = XCBuildConfiguration;
			buildSettings = {
				ALWAYS_SEARCH_USER_PATHS = NO;
				CLANG_CXX_LANGUAGE_STANDARD = "gnu++0x";
				CLANG_CXX_LIBRARY = "libc++";
				CLANG_ENABLE_MODULES = YES;
				CLANG_ENABLE_OBJC_ARC = YES;
				CLANG_WARN_BOOL_CONVERSION = YES;
				CLANG_WARN_CONSTANT_CONVERSION = YES;
				CLANG_WARN_DIRECT_OBJC_ISA_USAGE = YES_ERROR;
				CLANG_WARN_EMPTY_BODY = YES;
				CLANG_WARN_ENUM_CONVERSION = YES;
				CLANG_WARN_INT_CONVERSION = YES;
				CLANG_WARN_OBJC_ROOT_CLASS = YES_ERROR;
				CLANG_WARN__DUPLICATE_METHOD_MATCH = YES;
				"CODE_SIGN_IDENTITY[sdk=iphoneos*]" = "iPhone Developer";
				COPY_PHASE_STRIP = NO;
				GCC_C_LANGUAGE_STANDARD = gnu99;
				GCC_DYNAMIC_NO_PIC = NO;
				GCC_OPTIMIZATION_LEVEL = 0;
				GCC_PREPROCESSOR_DEFINITIONS = (
					"DEBUG=1",
					"$(inherited)",
				);
				GCC_SYMBOLS_PRIVATE_EXTERN = NO;
				GCC_WARN_64_TO_32_BIT_CONVERSION = YES;
				GCC_WARN_ABOUT_RETURN_TYPE = YES_ERROR;
				GCC_WARN_UNDECLARED_SELECTOR = YES;
				GCC_WARN_UNINITIALIZED_AUTOS = YES_AGGRESSIVE;
				GCC_WARN_UNUSED_FUNCTION = YES;
				GCC_WARN_UNUSED_VARIABLE = YES;
				IPHONEOS_DEPLOYMENT_TARGET = 7.1;
				ONLY_ACTIVE_ARCH = YES;
				SDKROOT = iphoneos;
			};
			name = Debug;
		};
		22351195196E791700750268 /* Release */ = {
			isa = XCBuildConfiguration;
			buildSettings = {
				ALWAYS_SEARCH_USER_PATHS = NO;
				CLANG_CXX_LANGUAGE_STANDARD = "gnu++0x";
				CLANG_CXX_LIBRARY = "libc++";
				CLANG_ENABLE_MODULES = YES;
				CLANG_ENABLE_OBJC_ARC = YES;
				CLANG_WARN_BOOL_CONVERSION = YES;
				CLANG_WARN_CONSTANT_CONVERSION = YES;
				CLANG_WARN_DIRECT_OBJC_ISA_USAGE = YES_ERROR;
				CLANG_WARN_EMPTY_BODY = YES;
				CLANG_WARN_ENUM_CONVERSION = YES;
				CLANG_WARN_INT_CONVERSION = YES;
				CLANG_WARN_OBJC_ROOT_CLASS = YES_ERROR;
				CLANG_WARN__DUPLICATE_METHOD_MATCH = YES;
				"CODE_SIGN_IDENTITY[sdk=iphoneos*]" = "iPhone Developer";
				COPY_PHASE_STRIP = YES;
				ENABLE_NS_ASSERTIONS = NO;
				GCC_C_LANGUAGE_STANDARD = gnu99;
				GCC_WARN_64_TO_32_BIT_CONVERSION = YES;
				GCC_WARN_ABOUT_RETURN_TYPE = YES_ERROR;
				GCC_WARN_UNDECLARED_SELECTOR = YES;
				GCC_WARN_UNINITIALIZED_AUTOS = YES_AGGRESSIVE;
				GCC_WARN_UNUSED_FUNCTION = YES;
				GCC_WARN_UNUSED_VARIABLE = YES;
				IPHONEOS_DEPLOYMENT_TARGET = 7.1;
				SDKROOT = iphoneos;
				VALIDATE_PRODUCT = YES;
			};
			name = Release;
		};
		22351197196E791700750268 /* Debug */ = {
			isa = XCBuildConfiguration;
			buildSettings = {
				ASSETCATALOG_COMPILER_APPICON_NAME = AppIcon;
				ASSETCATALOG_COMPILER_LAUNCHIMAGE_NAME = LaunchImage;
				GCC_PRECOMPILE_PREFIX_HEADER = YES;
				GCC_PREFIX_HEADER = "H/H-Prefix.pch";
				INFOPLIST_FILE = "H/H-Info.plist";
				IPHONEOS_DEPLOYMENT_TARGET = 7.0;
				PRODUCT_NAME = "$(TARGET_NAME)";
				WRAPPER_EXTENSION = app;
			};
			name = Debug;
		};
		22351198196E791700750268 /* Release */ = {
			isa = XCBuildConfiguration;
			buildSettings = {
				ASSETCATALOG_COMPILER_APPICON_NAME = AppIcon;
				ASSETCATALOG_COMPILER_LAUNCHIMAGE_NAME = LaunchImage;
				GCC_PRECOMPILE_PREFIX_HEADER = YES;
				GCC_PREFIX_HEADER = "H/H-Prefix.pch";
				INFOPLIST_FILE = "H/H-Info.plist";
				IPHONEOS_DEPLOYMENT_TARGET = 7.0;
				PRODUCT_NAME = "$(TARGET_NAME)";
				WRAPPER_EXTENSION = app;
			};
			name = Release;
		};
		2235119A196E791700750268 /* Debug */ = {
			isa = XCBuildConfiguration;
			buildSettings = {
				BUNDLE_LOADER = "$(BUILT_PRODUCTS_DIR)/H.app/H";
				FRAMEWORK_SEARCH_PATHS = (
					"$(SDKROOT)/Developer/Library/Frameworks",
					"$(inherited)",
					"$(DEVELOPER_FRAMEWORKS_DIR)",
				);
				GCC_PRECOMPILE_PREFIX_HEADER = YES;
				GCC_PREFIX_HEADER = "H/H-Prefix.pch";
				GCC_PREPROCESSOR_DEFINITIONS = (
					"DEBUG=1",
					"$(inherited)",
				);
				INFOPLIST_FILE = "HTests/HTests-Info.plist";
				PRODUCT_NAME = "$(TARGET_NAME)";
				TEST_HOST = "$(BUNDLE_LOADER)";
				WRAPPER_EXTENSION = xctest;
			};
			name = Debug;
		};
		2235119B196E791700750268 /* Release */ = {
			isa = XCBuildConfiguration;
			buildSettings = {
				BUNDLE_LOADER = "$(BUILT_PRODUCTS_DIR)/H.app/H";
				FRAMEWORK_SEARCH_PATHS = (
					"$(SDKROOT)/Developer/Library/Frameworks",
					"$(inherited)",
					"$(DEVELOPER_FRAMEWORKS_DIR)",
				);
				GCC_PRECOMPILE_PREFIX_HEADER = YES;
				GCC_PREFIX_HEADER = "H/H-Prefix.pch";
				INFOPLIST_FILE = "HTests/HTests-Info.plist";
				PRODUCT_NAME = "$(TARGET_NAME)";
				TEST_HOST = "$(BUNDLE_LOADER)";
				WRAPPER_EXTENSION = xctest;
			};
			name = Release;
		};
/* End XCBuildConfiguration section */

/* Begin XCConfigurationList section */
		2235115C196E791700750268 /* Build configuration list for PBXProject "H" */ = {
			isa = XCConfigurationList;
			buildConfigurations = (
				22351194196E791700750268 /* Debug */,
				22351195196E791700750268 /* Release */,
			);
			defaultConfigurationIsVisible = 0;
			defaultConfigurationName = Release;
		};
		22351196196E791700750268 /* Build configuration list for PBXNativeTarget "H" */ = {
			isa = XCConfigurationList;
			buildConfigurations = (
				22351197196E791700750268 /* Debug */,
				22351198196E791700750268 /* Release */,
			);
			defaultConfigurationIsVisible = 0;
			defaultConfigurationName = Release;
		};
		22351199196E791700750268 /* Build configuration list for PBXNativeTarget "HTests" */ = {
			isa = XCConfigurationList;
			buildConfigurations = (
				2235119A196E791700750268 /* Debug */,
				2235119B196E791700750268 /* Release */,
			);
			defaultConfigurationIsVisible = 0;
			defaultConfigurationName = Release;
		};
/* End XCConfigurationList section */
	};
	rootObject = 22351159196E791700750268 /* Project object */;
}
